
<<<<<<< HEAD
Microsoft Visual Studio Solution File, Format Version 11.00
# Visual Studio 2010
Project("{FAE04EC0-301F-11D3-BF4B-00C04F79EFBC}") = "Dear Empty Diary", "Assembly-CSharp.csproj", "{1E82E2F2-686F-A687-83A4-BC722B747FB8}"
=======
<<<<<<< HEAD
Microsoft Visual Studio Solution File, Format Version 11.00
# Visual Studio 2010
Project("{FAE04EC0-301F-11D3-BF4B-00C04F79EFBC}") = "Dear Empty Diary", "Assembly-CSharp.csproj", "{1E82E2F2-686F-A687-83A4-BC722B747FB8}"
=======
Microsoft Visual Studio Solution File, Format Version 12.00
# Visual Studio 2013
Project("{FAE04EC0-301F-11D3-BF4B-00C04F79EFBC}") = "Dear Empty Diary.CSharp", "Dear Empty Diary.CSharp.csproj", "{C0A3D210-C7D2-21E5-7D4B-69748D6F162F}"
>>>>>>> 8cadf2e38f54341baef6b2d3038e10a3472405b0
>>>>>>> 15eac2054216fcaf3d4ba9c825f02b930357b630
EndProject
Global
	GlobalSection(SolutionConfigurationPlatforms) = preSolution
		Debug|Any CPU = Debug|Any CPU
		Release|Any CPU = Release|Any CPU
	EndGlobalSection
	GlobalSection(ProjectConfigurationPlatforms) = postSolution
		{1E82E2F2-686F-A687-83A4-BC722B747FB8}.Debug|Any CPU.ActiveCfg = Debug|Any CPU
		{1E82E2F2-686F-A687-83A4-BC722B747FB8}.Debug|Any CPU.Build.0 = Debug|Any CPU
		{1E82E2F2-686F-A687-83A4-BC722B747FB8}.Release|Any CPU.ActiveCfg = Release|Any CPU
		{1E82E2F2-686F-A687-83A4-BC722B747FB8}.Release|Any CPU.Build.0 = Release|Any CPU
	EndGlobalSection
	GlobalSection(SolutionProperties) = preSolution
		HideSolutionNode = FALSE
	EndGlobalSection
	GlobalSection(MonoDevelopProperties) = preSolution
		StartupItem = Assembly-CSharp.csproj
	EndGlobalSection
EndGlobal
